
Microsoft Visual Studio Solution File, Format Version 12.00
# Visual Studio Version 17
VisualStudioVersion = 17.10.34916.146
MinimumVisualStudioVersion = 10.0.40219.1
Project("{FAE04EC0-301F-11D3-BF4B-00C04F79EFBC}") = "task", "task\task.csproj", "{3BE87D77-8927-47BD-940E-F77607894C1A}"
EndProject
Global
	GlobalSection(SolutionConfigurationPlatforms) = preSolution
		Debug|Any CPU = Debug|Any CPU
		Release|Any CPU = Release|Any CPU
	EndGlobalSection
	GlobalSection(ProjectConfigurationPlatforms) = postSolution
		{3BE87D77-8927-47BD-940E-F77607894C1A}.Debug|Any CPU.ActiveCfg = Debug|Any CPU
		{3BE87D77-8927-47BD-940E-F77607894C1A}.Debug|Any CPU.Build.0 = Debug|Any CPU
		{3BE87D77-8927-47BD-940E-F77607894C1A}.Release|Any CPU.ActiveCfg = Release|Any CPU
		{3BE87D77-8927-47BD-940E-F77607894C1A}.Release|Any CPU.Build.0 = Release|Any CPU
	EndGlobalSection
	GlobalSection(SolutionProperties) = preSolution
		HideSolutionNode = FALSE
	EndGlobalSection
	GlobalSection(ExtensibilityGlobals) = postSolution
		SolutionGuid = {8D46C6D9-90B4-4D29-865B-CA6B5191E156}
	EndGlobalSection
EndGlobal
